// !$*UTF8*$!
{
	archiveVersion = 1;
	classes = {
	};
	objectVersion = 56;
	objects = {

/* Begin PBXBuildFile section */
		346BC6CE29C8C35F00854BC9 /* Personal_Relationship_ManagementApp.swift in Sources */ = {isa = PBXBuildFile; fileRef = 346BC6CD29C8C35F00854BC9 /* Personal_Relationship_ManagementApp.swift */; };
		346BC6D229C8C36000854BC9 /* Assets.xcassets in Resources */ = {isa = PBXBuildFile; fileRef = 346BC6D129C8C36000854BC9 /* Assets.xcassets */; };
		346BC6D529C8C36000854BC9 /* Preview Assets.xcassets in Resources */ = {isa = PBXBuildFile; fileRef = 346BC6D429C8C36000854BC9 /* Preview Assets.xcassets */; };
		346BC6E029C8C37100854BC9 /* Address.swift in Sources */ = {isa = PBXBuildFile; fileRef = 346BC6DD29C8C37100854BC9 /* Address.swift */; };
		346BC6E229C8C37100854BC9 /* Contact.swift in Sources */ = {isa = PBXBuildFile; fileRef = 346BC6DF29C8C37100854BC9 /* Contact.swift */; };
		346BC6E529C8C38B00854BC9 /* Realm in Frameworks */ = {isa = PBXBuildFile; productRef = 346BC6E429C8C38B00854BC9 /* Realm */; };
		346BC6E729C8C38B00854BC9 /* RealmSwift in Frameworks */ = {isa = PBXBuildFile; productRef = 346BC6E629C8C38B00854BC9 /* RealmSwift */; };
		346BC6E929C8C54000854BC9 /* PhoneNumber.swift in Sources */ = {isa = PBXBuildFile; fileRef = 346BC6E829C8C54000854BC9 /* PhoneNumber.swift */; };
		346BC6EB29C8C59F00854BC9 /* Email.swift in Sources */ = {isa = PBXBuildFile; fileRef = 346BC6EA29C8C59F00854BC9 /* Email.swift */; };
		346BC70D29C8E5D600854BC9 /* Activity.swift in Sources */ = {isa = PBXBuildFile; fileRef = 346BC70C29C8E5D600854BC9 /* Activity.swift */; };
		346BC71129C8F0FE00854BC9 /* Event.swift in Sources */ = {isa = PBXBuildFile; fileRef = 346BC71029C8F0FE00854BC9 /* Event.swift */; };
		346BC71529C8F99C00854BC9 /* MainWindowTabs.swift in Sources */ = {isa = PBXBuildFile; fileRef = 346BC71429C8F99C00854BC9 /* MainWindowTabs.swift */; };
		346BC71829C8FD0B00854BC9 /* ContactEntry.swift in Sources */ = {isa = PBXBuildFile; fileRef = 346BC71729C8FD0B00854BC9 /* ContactEntry.swift */; };
		346BC71E29C8FFC100854BC9 /* ActivityEntry.swift in Sources */ = {isa = PBXBuildFile; fileRef = 346BC71D29C8FFC100854BC9 /* ActivityEntry.swift */; };
		346BC72029C8FFCB00854BC9 /* EventEntry.swift in Sources */ = {isa = PBXBuildFile; fileRef = 346BC71F29C8FFCB00854BC9 /* EventEntry.swift */; };
		346BC72229C8FFD300854BC9 /* SourcesEntry.swift in Sources */ = {isa = PBXBuildFile; fileRef = 346BC72129C8FFD300854BC9 /* SourcesEntry.swift */; };
		346BC72429C8FFDC00854BC9 /* SettingsEntry.swift in Sources */ = {isa = PBXBuildFile; fileRef = 346BC72329C8FFDC00854BC9 /* SettingsEntry.swift */; };
		346BC72729C9016B00854BC9 /* ActivitySource.swift in Sources */ = {isa = PBXBuildFile; fileRef = 346BC72629C9016B00854BC9 /* ActivitySource.swift */; };
		346BC72929C904DB00854BC9 /* ActivitySourceAuthenticationStatus.swift in Sources */ = {isa = PBXBuildFile; fileRef = 346BC72829C904DB00854BC9 /* ActivitySourceAuthenticationStatus.swift */; };
		346BC73129C90BF400854BC9 /* ContactView.swift in Sources */ = {isa = PBXBuildFile; fileRef = 346BC73029C90BF400854BC9 /* ContactView.swift */; };
		346BC73529C90DE000854BC9 /* ContactListItem.swift in Sources */ = {isa = PBXBuildFile; fileRef = 346BC73429C90DE000854BC9 /* ContactListItem.swift */; };
		346BC73A29C95A5200854BC9 /* RealmListSplitView.swift in Sources */ = {isa = PBXBuildFile; fileRef = 346BC73929C95A5200854BC9 /* RealmListSplitView.swift */; };
		346BC73C29C9625D00854BC9 /* RealmListOld.swift in Sources */ = {isa = PBXBuildFile; fileRef = 346BC73B29C9625D00854BC9 /* RealmListOld.swift */; };
		346BC73E29C965AE00854BC9 /* CanBeFavorited.swift in Sources */ = {isa = PBXBuildFile; fileRef = 346BC73D29C965AE00854BC9 /* CanBeFavorited.swift */; };
		346BC74029C9668F00854BC9 /* RealmListFavoriteGroup.swift in Sources */ = {isa = PBXBuildFile; fileRef = 346BC73F29C9668F00854BC9 /* RealmListFavoriteGroup.swift */; };
		346BC74229C9719500854BC9 /* RealmHelper.swift in Sources */ = {isa = PBXBuildFile; fileRef = 346BC74129C9719500854BC9 /* RealmHelper.swift */; };
		346BC74429CA047B00854BC9 /* RealmListSplitViewWithFavorites.swift in Sources */ = {isa = PBXBuildFile; fileRef = 346BC74329CA047B00854BC9 /* RealmListSplitViewWithFavorites.swift */; };
		346BC74629CA05B300854BC9 /* ActivityListItem.swift in Sources */ = {isa = PBXBuildFile; fileRef = 346BC74529CA05B300854BC9 /* ActivityListItem.swift */; };
		346BC74829CA078600854BC9 /* ActivityView.swift in Sources */ = {isa = PBXBuildFile; fileRef = 346BC74729CA078600854BC9 /* ActivityView.swift */; };
		346BC74A29CA0A4B00854BC9 /* EventListItem.swift in Sources */ = {isa = PBXBuildFile; fileRef = 346BC74929CA0A4B00854BC9 /* EventListItem.swift */; };
		346BC74C29CA0A5200854BC9 /* EventView.swift in Sources */ = {isa = PBXBuildFile; fileRef = 346BC74B29CA0A5200854BC9 /* EventView.swift */; };
		346BC74E29CA0EC700854BC9 /* ContactForm.swift in Sources */ = {isa = PBXBuildFile; fileRef = 346BC74D29CA0EC700854BC9 /* ContactForm.swift */; };
		346BC75129CA1E0500854BC9 /* DebugUtil.swift in Sources */ = {isa = PBXBuildFile; fileRef = 346BC75029CA1E0500854BC9 /* DebugUtil.swift */; };
		346BC75429CA1E4E00854BC9 /* RealmObjectExtension.swift in Sources */ = {isa = PBXBuildFile; fileRef = 346BC75329CA1E4E00854BC9 /* RealmObjectExtension.swift */; };
		346BC75729CA2AD300854BC9 /* FormMode.swift in Sources */ = {isa = PBXBuildFile; fileRef = 346BC75629CA2AD300854BC9 /* FormMode.swift */; };
		346BC75A29CB5B5200854BC9 /* DetailViewText.swift in Sources */ = {isa = PBXBuildFile; fileRef = 346BC75929CB5B5200854BC9 /* DetailViewText.swift */; };
		346BC75C29CB604800854BC9 /* DetailViewList.swift in Sources */ = {isa = PBXBuildFile; fileRef = 346BC75B29CB604800854BC9 /* DetailViewList.swift */; };
		346BC75E29CB681E00854BC9 /* PlusButton.swift in Sources */ = {isa = PBXBuildFile; fileRef = 346BC75D29CB681E00854BC9 /* PlusButton.swift */; };
		346BC76029CB8EDF00854BC9 /* DetailViewDatedList.swift in Sources */ = {isa = PBXBuildFile; fileRef = 346BC75F29CB8EDF00854BC9 /* DetailViewDatedList.swift */; };
		346BC76229CB904200854BC9 /* DateAndDateFormatterExtensions.swift in Sources */ = {isa = PBXBuildFile; fileRef = 346BC76129CB904200854BC9 /* DateAndDateFormatterExtensions.swift */; };
		346BC76429CB906A00854BC9 /* DateFormat.swift in Sources */ = {isa = PBXBuildFile; fileRef = 346BC76329CB906A00854BC9 /* DateFormat.swift */; };
		346BC76629CBCBC000854BC9 /* DetailViewActivityEventView.swift in Sources */ = {isa = PBXBuildFile; fileRef = 346BC76529CBCBC000854BC9 /* DetailViewActivityEventView.swift */; };
		346BC76C29CCC54700854BC9 /* RealmListGrouped.swift in Sources */ = {isa = PBXBuildFile; fileRef = 346BC76B29CCC54700854BC9 /* RealmListGrouped.swift */; };
		346BC76E29CCDE8100854BC9 /* KeyPathExtension.swift in Sources */ = {isa = PBXBuildFile; fileRef = 346BC76D29CCDE8100854BC9 /* KeyPathExtension.swift */; };
/* End PBXBuildFile section */

/* Begin PBXFileReference section */
		346BC6CA29C8C35F00854BC9 /* Personal Relationship Management.app */ = {isa = PBXFileReference; explicitFileType = wrapper.application; includeInIndex = 0; path = "Personal Relationship Management.app"; sourceTree = BUILT_PRODUCTS_DIR; };
		346BC6CD29C8C35F00854BC9 /* Personal_Relationship_ManagementApp.swift */ = {isa = PBXFileReference; lastKnownFileType = sourcecode.swift; path = Personal_Relationship_ManagementApp.swift; sourceTree = "<group>"; };
		346BC6D129C8C36000854BC9 /* Assets.xcassets */ = {isa = PBXFileReference; lastKnownFileType = folder.assetcatalog; path = Assets.xcassets; sourceTree = "<group>"; };
		346BC6D429C8C36000854BC9 /* Preview Assets.xcassets */ = {isa = PBXFileReference; lastKnownFileType = folder.assetcatalog; path = "Preview Assets.xcassets"; sourceTree = "<group>"; };
		346BC6DD29C8C37100854BC9 /* Address.swift */ = {isa = PBXFileReference; fileEncoding = 4; lastKnownFileType = sourcecode.swift; path = Address.swift; sourceTree = "<group>"; };
		346BC6DF29C8C37100854BC9 /* Contact.swift */ = {isa = PBXFileReference; fileEncoding = 4; lastKnownFileType = sourcecode.swift; path = Contact.swift; sourceTree = "<group>"; };
		346BC6E829C8C54000854BC9 /* PhoneNumber.swift */ = {isa = PBXFileReference; lastKnownFileType = sourcecode.swift; path = PhoneNumber.swift; sourceTree = "<group>"; };
		346BC6EA29C8C59F00854BC9 /* Email.swift */ = {isa = PBXFileReference; lastKnownFileType = sourcecode.swift; path = Email.swift; sourceTree = "<group>"; };
		346BC70C29C8E5D600854BC9 /* Activity.swift */ = {isa = PBXFileReference; lastKnownFileType = sourcecode.swift; path = Activity.swift; sourceTree = "<group>"; };
		346BC71029C8F0FE00854BC9 /* Event.swift */ = {isa = PBXFileReference; fileEncoding = 4; lastKnownFileType = sourcecode.swift; path = Event.swift; sourceTree = "<group>"; };
		346BC71429C8F99C00854BC9 /* MainWindowTabs.swift */ = {isa = PBXFileReference; lastKnownFileType = sourcecode.swift; path = MainWindowTabs.swift; sourceTree = "<group>"; };
		346BC71729C8FD0B00854BC9 /* ContactEntry.swift */ = {isa = PBXFileReference; lastKnownFileType = sourcecode.swift; path = ContactEntry.swift; sourceTree = "<group>"; };
		346BC71D29C8FFC100854BC9 /* ActivityEntry.swift */ = {isa = PBXFileReference; lastKnownFileType = sourcecode.swift; path = ActivityEntry.swift; sourceTree = "<group>"; };
		346BC71F29C8FFCB00854BC9 /* EventEntry.swift */ = {isa = PBXFileReference; lastKnownFileType = sourcecode.swift; path = EventEntry.swift; sourceTree = "<group>"; };
		346BC72129C8FFD300854BC9 /* SourcesEntry.swift */ = {isa = PBXFileReference; lastKnownFileType = sourcecode.swift; path = SourcesEntry.swift; sourceTree = "<group>"; };
		346BC72329C8FFDC00854BC9 /* SettingsEntry.swift */ = {isa = PBXFileReference; lastKnownFileType = sourcecode.swift; path = SettingsEntry.swift; sourceTree = "<group>"; };
		346BC72629C9016B00854BC9 /* ActivitySource.swift */ = {isa = PBXFileReference; lastKnownFileType = sourcecode.swift; path = ActivitySource.swift; sourceTree = "<group>"; };
		346BC72829C904DB00854BC9 /* ActivitySourceAuthenticationStatus.swift */ = {isa = PBXFileReference; lastKnownFileType = sourcecode.swift; path = ActivitySourceAuthenticationStatus.swift; sourceTree = "<group>"; };
		346BC73029C90BF400854BC9 /* ContactView.swift */ = {isa = PBXFileReference; lastKnownFileType = sourcecode.swift; path = ContactView.swift; sourceTree = "<group>"; };
		346BC73429C90DE000854BC9 /* ContactListItem.swift */ = {isa = PBXFileReference; lastKnownFileType = sourcecode.swift; path = ContactListItem.swift; sourceTree = "<group>"; };
		346BC73929C95A5200854BC9 /* RealmListSplitView.swift */ = {isa = PBXFileReference; lastKnownFileType = sourcecode.swift; path = RealmListSplitView.swift; sourceTree = "<group>"; };
		346BC73B29C9625D00854BC9 /* RealmListOld.swift */ = {isa = PBXFileReference; lastKnownFileType = sourcecode.swift; path = RealmListOld.swift; sourceTree = "<group>"; };
		346BC73D29C965AE00854BC9 /* CanBeFavorited.swift */ = {isa = PBXFileReference; lastKnownFileType = sourcecode.swift; path = CanBeFavorited.swift; sourceTree = "<group>"; };
		346BC73F29C9668F00854BC9 /* RealmListFavoriteGroup.swift */ = {isa = PBXFileReference; lastKnownFileType = sourcecode.swift; path = RealmListFavoriteGroup.swift; sourceTree = "<group>"; };
		346BC74129C9719500854BC9 /* RealmHelper.swift */ = {isa = PBXFileReference; lastKnownFileType = sourcecode.swift; path = RealmHelper.swift; sourceTree = "<group>"; };
		346BC74329CA047B00854BC9 /* RealmListSplitViewWithFavorites.swift */ = {isa = PBXFileReference; lastKnownFileType = sourcecode.swift; path = RealmListSplitViewWithFavorites.swift; sourceTree = "<group>"; };
		346BC74529CA05B300854BC9 /* ActivityListItem.swift */ = {isa = PBXFileReference; lastKnownFileType = sourcecode.swift; path = ActivityListItem.swift; sourceTree = "<group>"; };
		346BC74729CA078600854BC9 /* ActivityView.swift */ = {isa = PBXFileReference; lastKnownFileType = sourcecode.swift; path = ActivityView.swift; sourceTree = "<group>"; };
		346BC74929CA0A4B00854BC9 /* EventListItem.swift */ = {isa = PBXFileReference; lastKnownFileType = sourcecode.swift; path = EventListItem.swift; sourceTree = "<group>"; };
		346BC74B29CA0A5200854BC9 /* EventView.swift */ = {isa = PBXFileReference; lastKnownFileType = sourcecode.swift; path = EventView.swift; sourceTree = "<group>"; };
		346BC74D29CA0EC700854BC9 /* ContactForm.swift */ = {isa = PBXFileReference; lastKnownFileType = sourcecode.swift; path = ContactForm.swift; sourceTree = "<group>"; };
		346BC75029CA1E0500854BC9 /* DebugUtil.swift */ = {isa = PBXFileReference; fileEncoding = 4; lastKnownFileType = sourcecode.swift; path = DebugUtil.swift; sourceTree = "<group>"; };
		346BC75329CA1E4E00854BC9 /* RealmObjectExtension.swift */ = {isa = PBXFileReference; lastKnownFileType = sourcecode.swift; path = RealmObjectExtension.swift; sourceTree = "<group>"; };
		346BC75629CA2AD300854BC9 /* FormMode.swift */ = {isa = PBXFileReference; lastKnownFileType = sourcecode.swift; path = FormMode.swift; sourceTree = "<group>"; };
		346BC75929CB5B5200854BC9 /* DetailViewText.swift */ = {isa = PBXFileReference; lastKnownFileType = sourcecode.swift; path = DetailViewText.swift; sourceTree = "<group>"; };
		346BC75B29CB604800854BC9 /* DetailViewList.swift */ = {isa = PBXFileReference; lastKnownFileType = sourcecode.swift; path = DetailViewList.swift; sourceTree = "<group>"; };
		346BC75D29CB681E00854BC9 /* PlusButton.swift */ = {isa = PBXFileReference; lastKnownFileType = sourcecode.swift; path = PlusButton.swift; sourceTree = "<group>"; };
		346BC75F29CB8EDF00854BC9 /* DetailViewDatedList.swift */ = {isa = PBXFileReference; lastKnownFileType = sourcecode.swift; path = DetailViewDatedList.swift; sourceTree = "<group>"; };
		346BC76129CB904200854BC9 /* DateAndDateFormatterExtensions.swift */ = {isa = PBXFileReference; lastKnownFileType = sourcecode.swift; path = DateAndDateFormatterExtensions.swift; sourceTree = "<group>"; };
		346BC76329CB906A00854BC9 /* DateFormat.swift */ = {isa = PBXFileReference; lastKnownFileType = sourcecode.swift; path = DateFormat.swift; sourceTree = "<group>"; };
		346BC76529CBCBC000854BC9 /* DetailViewActivityEventView.swift */ = {isa = PBXFileReference; lastKnownFileType = sourcecode.swift; path = DetailViewActivityEventView.swift; sourceTree = "<group>"; };
		346BC76B29CCC54700854BC9 /* RealmListGrouped.swift */ = {isa = PBXFileReference; fileEncoding = 4; lastKnownFileType = sourcecode.swift; path = RealmListGrouped.swift; sourceTree = "<group>"; };
		346BC76D29CCDE8100854BC9 /* KeyPathExtension.swift */ = {isa = PBXFileReference; lastKnownFileType = sourcecode.swift; path = KeyPathExtension.swift; sourceTree = "<group>"; };
/* End PBXFileReference section */

/* Begin PBXFrameworksBuildPhase section */
		346BC6C729C8C35F00854BC9 /* Frameworks */ = {
			isa = PBXFrameworksBuildPhase;
			buildActionMask = 2147483647;
			files = (
				346BC6E729C8C38B00854BC9 /* RealmSwift in Frameworks */,
				346BC6E529C8C38B00854BC9 /* Realm in Frameworks */,
			);
			runOnlyForDeploymentPostprocessing = 0;
		};
/* End PBXFrameworksBuildPhase section */

/* Begin PBXGroup section */
		346BC6C129C8C35F00854BC9 = {
			isa = PBXGroup;
			children = (
				346BC6CC29C8C35F00854BC9 /* Personal Relationship Management */,
				346BC6CB29C8C35F00854BC9 /* Products */,
			);
			sourceTree = "<group>";
		};
		346BC6CB29C8C35F00854BC9 /* Products */ = {
			isa = PBXGroup;
			children = (
				346BC6CA29C8C35F00854BC9 /* Personal Relationship Management.app */,
			);
			name = Products;
			sourceTree = "<group>";
		};
		346BC6CC29C8C35F00854BC9 /* Personal Relationship Management */ = {
			isa = PBXGroup;
			children = (
				346BC74F29CA1DC900854BC9 /* Utility */,
				346BC6DB29C8C37100854BC9 /* Model */,
				346BC71229C8F7EE00854BC9 /* Views */,
				346BC6CD29C8C35F00854BC9 /* Personal_Relationship_ManagementApp.swift */,
				346BC6D129C8C36000854BC9 /* Assets.xcassets */,
				346BC6D329C8C36000854BC9 /* Preview Content */,
			);
			path = "Personal Relationship Management";
			sourceTree = "<group>";
		};
		346BC6D329C8C36000854BC9 /* Preview Content */ = {
			isa = PBXGroup;
			children = (
				346BC6D429C8C36000854BC9 /* Preview Assets.xcassets */,
			);
			path = "Preview Content";
			sourceTree = "<group>";
		};
		346BC6DB29C8C37100854BC9 /* Model */ = {
			isa = PBXGroup;
			children = (
				346BC75529CA2ACA00854BC9 /* Enums */,
				346BC73629C9245600854BC9 /* Protocols */,
				346BC72529C9013E00854BC9 /* Sources */,
				346BC6DC29C8C37100854BC9 /* Realm Model */,
			);
			path = Model;
			sourceTree = "<group>";
		};
		346BC6DC29C8C37100854BC9 /* Realm Model */ = {
			isa = PBXGroup;
			children = (
				346BC6DF29C8C37100854BC9 /* Contact.swift */,
				346BC6DD29C8C37100854BC9 /* Address.swift */,
				346BC6E829C8C54000854BC9 /* PhoneNumber.swift */,
				346BC6EA29C8C59F00854BC9 /* Email.swift */,
				346BC70C29C8E5D600854BC9 /* Activity.swift */,
				346BC71029C8F0FE00854BC9 /* Event.swift */,
			);
			path = "Realm Model";
			sourceTree = "<group>";
		};
		346BC71229C8F7EE00854BC9 /* Views */ = {
			isa = PBXGroup;
			children = (
				346BC73729C95A2A00854BC9 /* Common */,
				346BC71C29C8FF8E00854BC9 /* Settings */,
				346BC71B29C8FF8600854BC9 /* Sources */,
				346BC71A29C8FF8000854BC9 /* Events */,
				346BC71929C8FF7900854BC9 /* Activity */,
				346BC71629C8FCFA00854BC9 /* Contacts */,
				346BC71329C8F92D00854BC9 /* Main Window */,
			);
			path = Views;
			sourceTree = "<group>";
		};
		346BC71329C8F92D00854BC9 /* Main Window */ = {
			isa = PBXGroup;
			children = (
				346BC71429C8F99C00854BC9 /* MainWindowTabs.swift */,
			);
			path = "Main Window";
			sourceTree = "<group>";
		};
		346BC71629C8FCFA00854BC9 /* Contacts */ = {
			isa = PBXGroup;
			children = (
				346BC71729C8FD0B00854BC9 /* ContactEntry.swift */,
				346BC73429C90DE000854BC9 /* ContactListItem.swift */,
				346BC73029C90BF400854BC9 /* ContactView.swift */,
				346BC74D29CA0EC700854BC9 /* ContactForm.swift */,
			);
			path = Contacts;
			sourceTree = "<group>";
		};
		346BC71929C8FF7900854BC9 /* Activity */ = {
			isa = PBXGroup;
			children = (
				346BC71D29C8FFC100854BC9 /* ActivityEntry.swift */,
				346BC74529CA05B300854BC9 /* ActivityListItem.swift */,
				346BC74729CA078600854BC9 /* ActivityView.swift */,
			);
			path = Activity;
			sourceTree = "<group>";
		};
		346BC71A29C8FF8000854BC9 /* Events */ = {
			isa = PBXGroup;
			children = (
				346BC71F29C8FFCB00854BC9 /* EventEntry.swift */,
				346BC74929CA0A4B00854BC9 /* EventListItem.swift */,
				346BC74B29CA0A5200854BC9 /* EventView.swift */,
			);
			path = Events;
			sourceTree = "<group>";
		};
		346BC71B29C8FF8600854BC9 /* Sources */ = {
			isa = PBXGroup;
			children = (
				346BC72129C8FFD300854BC9 /* SourcesEntry.swift */,
			);
			path = Sources;
			sourceTree = "<group>";
		};
		346BC71C29C8FF8E00854BC9 /* Settings */ = {
			isa = PBXGroup;
			children = (
				346BC72329C8FFDC00854BC9 /* SettingsEntry.swift */,
			);
			path = Settings;
			sourceTree = "<group>";
		};
		346BC72529C9013E00854BC9 /* Sources */ = {
			isa = PBXGroup;
			children = (
				346BC72829C904DB00854BC9 /* ActivitySourceAuthenticationStatus.swift */,
			);
			path = Sources;
			sourceTree = "<group>";
		};
		346BC73629C9245600854BC9 /* Protocols */ = {
			isa = PBXGroup;
			children = (
				346BC72629C9016B00854BC9 /* ActivitySource.swift */,
				346BC73D29C965AE00854BC9 /* CanBeFavorited.swift */,
			);
			path = Protocols;
			sourceTree = "<group>";
		};
		346BC73729C95A2A00854BC9 /* Common */ = {
			isa = PBXGroup;
			children = (
				346BC75829CB5B3100854BC9 /* Detail View Components */,
				346BC73829C95A2E00854BC9 /* Realm Split View */,
				346BC75D29CB681E00854BC9 /* PlusButton.swift */,
			);
			path = Common;
			sourceTree = "<group>";
		};
		346BC73829C95A2E00854BC9 /* Realm Split View */ = {
			isa = PBXGroup;
			children = (
				346BC73929C95A5200854BC9 /* RealmListSplitView.swift */,
				346BC73B29C9625D00854BC9 /* RealmListOld.swift */,
				346BC74329CA047B00854BC9 /* RealmListSplitViewWithFavorites.swift */,
				346BC73F29C9668F00854BC9 /* RealmListFavoriteGroup.swift */,
				346BC76B29CCC54700854BC9 /* RealmListGrouped.swift */,
			);
			path = "Realm Split View";
			sourceTree = "<group>";
		};
		346BC74F29CA1DC900854BC9 /* Utility */ = {
			isa = PBXGroup;
			children = (
				346BC75229CA1E3900854BC9 /* Extensions */,
				346BC75029CA1E0500854BC9 /* DebugUtil.swift */,
				346BC74129C9719500854BC9 /* RealmHelper.swift */,
			);
			path = Utility;
			sourceTree = "<group>";
		};
		346BC75229CA1E3900854BC9 /* Extensions */ = {
			isa = PBXGroup;
			children = (
				346BC75329CA1E4E00854BC9 /* RealmObjectExtension.swift */,
				346BC76129CB904200854BC9 /* DateAndDateFormatterExtensions.swift */,
				346BC76D29CCDE8100854BC9 /* KeyPathExtension.swift */,
			);
			path = Extensions;
			sourceTree = "<group>";
		};
		346BC75529CA2ACA00854BC9 /* Enums */ = {
			isa = PBXGroup;
			children = (
				346BC75629CA2AD300854BC9 /* FormMode.swift */,
				346BC76329CB906A00854BC9 /* DateFormat.swift */,
			);
			path = Enums;
			sourceTree = "<group>";
		};
		346BC75829CB5B3100854BC9 /* Detail View Components */ = {
			isa = PBXGroup;
			children = (
				346BC75929CB5B5200854BC9 /* DetailViewText.swift */,
				346BC75B29CB604800854BC9 /* DetailViewList.swift */,
				346BC75F29CB8EDF00854BC9 /* DetailViewDatedList.swift */,
				346BC76529CBCBC000854BC9 /* DetailViewActivityEventView.swift */,
			);
			path = "Detail View Components";
			sourceTree = "<group>";
		};
/* End PBXGroup section */

/* Begin PBXNativeTarget section */
		346BC6C929C8C35F00854BC9 /* Personal Relationship Management */ = {
			isa = PBXNativeTarget;
			buildConfigurationList = 346BC6D829C8C36000854BC9 /* Build configuration list for PBXNativeTarget "Personal Relationship Management" */;
			buildPhases = (
				346BC6C629C8C35F00854BC9 /* Sources */,
				346BC6C729C8C35F00854BC9 /* Frameworks */,
				346BC6C829C8C35F00854BC9 /* Resources */,
			);
			buildRules = (
			);
			dependencies = (
			);
			name = "Personal Relationship Management";
			packageProductDependencies = (
				346BC6E429C8C38B00854BC9 /* Realm */,
				346BC6E629C8C38B00854BC9 /* RealmSwift */,
			);
			productName = "Personal Relationship Management";
			productReference = 346BC6CA29C8C35F00854BC9 /* Personal Relationship Management.app */;
			productType = "com.apple.product-type.application";
		};
/* End PBXNativeTarget section */

/* Begin PBXProject section */
		346BC6C229C8C35F00854BC9 /* Project object */ = {
			isa = PBXProject;
			attributes = {
				BuildIndependentTargetsInParallel = 1;
				LastSwiftUpdateCheck = 1420;
				LastUpgradeCheck = 1420;
				TargetAttributes = {
					346BC6C929C8C35F00854BC9 = {
						CreatedOnToolsVersion = 14.2;
					};
				};
			};
			buildConfigurationList = 346BC6C529C8C35F00854BC9 /* Build configuration list for PBXProject "Personal Relationship Management" */;
			compatibilityVersion = "Xcode 14.0";
			developmentRegion = en;
			hasScannedForEncodings = 0;
			knownRegions = (
				en,
				Base,
			);
			mainGroup = 346BC6C129C8C35F00854BC9;
			packageReferences = (
				346BC6E329C8C38B00854BC9 /* XCRemoteSwiftPackageReference "realm-swift" */,
			);
			productRefGroup = 346BC6CB29C8C35F00854BC9 /* Products */;
			projectDirPath = "";
			projectRoot = "";
			targets = (
				346BC6C929C8C35F00854BC9 /* Personal Relationship Management */,
			);
		};
/* End PBXProject section */

/* Begin PBXResourcesBuildPhase section */
		346BC6C829C8C35F00854BC9 /* Resources */ = {
			isa = PBXResourcesBuildPhase;
			buildActionMask = 2147483647;
			files = (
				346BC6D529C8C36000854BC9 /* Preview Assets.xcassets in Resources */,
				346BC6D229C8C36000854BC9 /* Assets.xcassets in Resources */,
			);
			runOnlyForDeploymentPostprocessing = 0;
		};
/* End PBXResourcesBuildPhase section */

/* Begin PBXSourcesBuildPhase section */
		346BC6C629C8C35F00854BC9 /* Sources */ = {
			isa = PBXSourcesBuildPhase;
			buildActionMask = 2147483647;
			files = (
				346BC73E29C965AE00854BC9 /* CanBeFavorited.swift in Sources */,
				346BC75E29CB681E00854BC9 /* PlusButton.swift in Sources */,
				346BC71129C8F0FE00854BC9 /* Event.swift in Sources */,
				346BC72429C8FFDC00854BC9 /* SettingsEntry.swift in Sources */,
				346BC76E29CCDE8100854BC9 /* KeyPathExtension.swift in Sources */,
				346BC71E29C8FFC100854BC9 /* ActivityEntry.swift in Sources */,
				346BC74229C9719500854BC9 /* RealmHelper.swift in Sources */,
				346BC71529C8F99C00854BC9 /* MainWindowTabs.swift in Sources */,
				346BC72229C8FFD300854BC9 /* SourcesEntry.swift in Sources */,
				346BC72729C9016B00854BC9 /* ActivitySource.swift in Sources */,
				346BC6E029C8C37100854BC9 /* Address.swift in Sources */,
				346BC76229CB904200854BC9 /* DateAndDateFormatterExtensions.swift in Sources */,
				346BC75C29CB604800854BC9 /* DetailViewList.swift in Sources */,
				346BC76429CB906A00854BC9 /* DateFormat.swift in Sources */,
				346BC70D29C8E5D600854BC9 /* Activity.swift in Sources */,
				346BC75429CA1E4E00854BC9 /* RealmObjectExtension.swift in Sources */,
				346BC6EB29C8C59F00854BC9 /* Email.swift in Sources */,
				346BC74429CA047B00854BC9 /* RealmListSplitViewWithFavorites.swift in Sources */,
				346BC73129C90BF400854BC9 /* ContactView.swift in Sources */,
				346BC73529C90DE000854BC9 /* ContactListItem.swift in Sources */,
				346BC6E229C8C37100854BC9 /* Contact.swift in Sources */,
				346BC73C29C9625D00854BC9 /* RealmListOld.swift in Sources */,
				346BC75729CA2AD300854BC9 /* FormMode.swift in Sources */,
				346BC74E29CA0EC700854BC9 /* ContactForm.swift in Sources */,
				346BC75A29CB5B5200854BC9 /* DetailViewText.swift in Sources */,
				346BC6E929C8C54000854BC9 /* PhoneNumber.swift in Sources */,
				346BC74A29CA0A4B00854BC9 /* EventListItem.swift in Sources */,
				346BC76629CBCBC000854BC9 /* DetailViewActivityEventView.swift in Sources */,
				346BC74629CA05B300854BC9 /* ActivityListItem.swift in Sources */,
				346BC74829CA078600854BC9 /* ActivityView.swift in Sources */,
				346BC6CE29C8C35F00854BC9 /* Personal_Relationship_ManagementApp.swift in Sources */,
				346BC74C29CA0A5200854BC9 /* EventView.swift in Sources */,
				346BC72929C904DB00854BC9 /* ActivitySourceAuthenticationStatus.swift in Sources */,
				346BC71829C8FD0B00854BC9 /* ContactEntry.swift in Sources */,
				346BC74029C9668F00854BC9 /* RealmListFavoriteGroup.swift in Sources */,
				346BC75129CA1E0500854BC9 /* DebugUtil.swift in Sources */,
				346BC72029C8FFCB00854BC9 /* EventEntry.swift in Sources */,
				346BC76029CB8EDF00854BC9 /* DetailViewDatedList.swift in Sources */,
				346BC73A29C95A5200854BC9 /* RealmListSplitView.swift in Sources */,
				346BC76C29CCC54700854BC9 /* RealmListGrouped.swift in Sources */,
			);
			runOnlyForDeploymentPostprocessing = 0;
		};
/* End PBXSourcesBuildPhase section */

/* Begin XCBuildConfiguration section */
		346BC6D629C8C36000854BC9 /* Debug */ = {
			isa = XCBuildConfiguration;
			buildSettings = {
				ALWAYS_SEARCH_USER_PATHS = NO;
				CLANG_ANALYZER_NONNULL = YES;
				CLANG_ANALYZER_NUMBER_OBJECT_CONVERSION = YES_AGGRESSIVE;
				CLANG_CXX_LANGUAGE_STANDARD = "gnu++20";
				CLANG_ENABLE_MODULES = YES;
				CLANG_ENABLE_OBJC_ARC = YES;
				CLANG_ENABLE_OBJC_WEAK = YES;
				CLANG_WARN_BLOCK_CAPTURE_AUTORELEASING = YES;
				CLANG_WARN_BOOL_CONVERSION = YES;
				CLANG_WARN_COMMA = YES;
				CLANG_WARN_CONSTANT_CONVERSION = YES;
				CLANG_WARN_DEPRECATED_OBJC_IMPLEMENTATIONS = YES;
				CLANG_WARN_DIRECT_OBJC_ISA_USAGE = YES_ERROR;
				CLANG_WARN_DOCUMENTATION_COMMENTS = YES;
				CLANG_WARN_EMPTY_BODY = YES;
				CLANG_WARN_ENUM_CONVERSION = YES;
				CLANG_WARN_INFINITE_RECURSION = YES;
				CLANG_WARN_INT_CONVERSION = YES;
				CLANG_WARN_NON_LITERAL_NULL_CONVERSION = YES;
				CLANG_WARN_OBJC_IMPLICIT_RETAIN_SELF = YES;
				CLANG_WARN_OBJC_LITERAL_CONVERSION = YES;
				CLANG_WARN_OBJC_ROOT_CLASS = YES_ERROR;
				CLANG_WARN_QUOTED_INCLUDE_IN_FRAMEWORK_HEADER = YES;
				CLANG_WARN_RANGE_LOOP_ANALYSIS = YES;
				CLANG_WARN_STRICT_PROTOTYPES = YES;
				CLANG_WARN_SUSPICIOUS_MOVE = YES;
				CLANG_WARN_UNGUARDED_AVAILABILITY = YES_AGGRESSIVE;
				CLANG_WARN_UNREACHABLE_CODE = YES;
				CLANG_WARN__DUPLICATE_METHOD_MATCH = YES;
				COPY_PHASE_STRIP = NO;
				DEBUG_INFORMATION_FORMAT = dwarf;
				ENABLE_STRICT_OBJC_MSGSEND = YES;
				ENABLE_TESTABILITY = YES;
				GCC_C_LANGUAGE_STANDARD = gnu11;
				GCC_DYNAMIC_NO_PIC = NO;
				GCC_NO_COMMON_BLOCKS = YES;
				GCC_OPTIMIZATION_LEVEL = 0;
				GCC_PREPROCESSOR_DEFINITIONS = (
					"DEBUG=1",
					"$(inherited)",
				);
				GCC_WARN_64_TO_32_BIT_CONVERSION = YES;
				GCC_WARN_ABOUT_RETURN_TYPE = YES_ERROR;
				GCC_WARN_UNDECLARED_SELECTOR = YES;
				GCC_WARN_UNINITIALIZED_AUTOS = YES_AGGRESSIVE;
				GCC_WARN_UNUSED_FUNCTION = YES;
				GCC_WARN_UNUSED_VARIABLE = YES;
				IPHONEOS_DEPLOYMENT_TARGET = 16.0;
				MTL_ENABLE_DEBUG_INFO = INCLUDE_SOURCE;
				MTL_FAST_MATH = YES;
				ONLY_ACTIVE_ARCH = YES;
				SDKROOT = iphoneos;
				SWIFT_ACTIVE_COMPILATION_CONDITIONS = DEBUG;
				SWIFT_OPTIMIZATION_LEVEL = "-Onone";
			};
			name = Debug;
		};
		346BC6D729C8C36000854BC9 /* Release */ = {
			isa = XCBuildConfiguration;
			buildSettings = {
				ALWAYS_SEARCH_USER_PATHS = NO;
				CLANG_ANALYZER_NONNULL = YES;
				CLANG_ANALYZER_NUMBER_OBJECT_CONVERSION = YES_AGGRESSIVE;
				CLANG_CXX_LANGUAGE_STANDARD = "gnu++20";
				CLANG_ENABLE_MODULES = YES;
				CLANG_ENABLE_OBJC_ARC = YES;
				CLANG_ENABLE_OBJC_WEAK = YES;
				CLANG_WARN_BLOCK_CAPTURE_AUTORELEASING = YES;
				CLANG_WARN_BOOL_CONVERSION = YES;
				CLANG_WARN_COMMA = YES;
				CLANG_WARN_CONSTANT_CONVERSION = YES;
				CLANG_WARN_DEPRECATED_OBJC_IMPLEMENTATIONS = YES;
				CLANG_WARN_DIRECT_OBJC_ISA_USAGE = YES_ERROR;
				CLANG_WARN_DOCUMENTATION_COMMENTS = YES;
				CLANG_WARN_EMPTY_BODY = YES;
				CLANG_WARN_ENUM_CONVERSION = YES;
				CLANG_WARN_INFINITE_RECURSION = YES;
				CLANG_WARN_INT_CONVERSION = YES;
				CLANG_WARN_NON_LITERAL_NULL_CONVERSION = YES;
				CLANG_WARN_OBJC_IMPLICIT_RETAIN_SELF = YES;
				CLANG_WARN_OBJC_LITERAL_CONVERSION = YES;
				CLANG_WARN_OBJC_ROOT_CLASS = YES_ERROR;
				CLANG_WARN_QUOTED_INCLUDE_IN_FRAMEWORK_HEADER = YES;
				CLANG_WARN_RANGE_LOOP_ANALYSIS = YES;
				CLANG_WARN_STRICT_PROTOTYPES = YES;
				CLANG_WARN_SUSPICIOUS_MOVE = YES;
				CLANG_WARN_UNGUARDED_AVAILABILITY = YES_AGGRESSIVE;
				CLANG_WARN_UNREACHABLE_CODE = YES;
				CLANG_WARN__DUPLICATE_METHOD_MATCH = YES;
				COPY_PHASE_STRIP = NO;
				DEBUG_INFORMATION_FORMAT = "dwarf-with-dsym";
				ENABLE_NS_ASSERTIONS = NO;
				ENABLE_STRICT_OBJC_MSGSEND = YES;
				GCC_C_LANGUAGE_STANDARD = gnu11;
				GCC_NO_COMMON_BLOCKS = YES;
				GCC_WARN_64_TO_32_BIT_CONVERSION = YES;
				GCC_WARN_ABOUT_RETURN_TYPE = YES_ERROR;
				GCC_WARN_UNDECLARED_SELECTOR = YES;
				GCC_WARN_UNINITIALIZED_AUTOS = YES_AGGRESSIVE;
				GCC_WARN_UNUSED_FUNCTION = YES;
				GCC_WARN_UNUSED_VARIABLE = YES;
				IPHONEOS_DEPLOYMENT_TARGET = 16.0;
				MTL_ENABLE_DEBUG_INFO = NO;
				MTL_FAST_MATH = YES;
				SDKROOT = iphoneos;
				SWIFT_COMPILATION_MODE = wholemodule;
				SWIFT_OPTIMIZATION_LEVEL = "-O";
				VALIDATE_PRODUCT = YES;
			};
			name = Release;
		};
		346BC6D929C8C36000854BC9 /* Debug */ = {
			isa = XCBuildConfiguration;
			buildSettings = {
				ASSETCATALOG_COMPILER_APPICON_NAME = AppIcon;
				ASSETCATALOG_COMPILER_GLOBAL_ACCENT_COLOR_NAME = AccentColor;
				CODE_SIGN_STYLE = Automatic;
				CURRENT_PROJECT_VERSION = 1;
				DEVELOPMENT_ASSET_PATHS = "\"Personal Relationship Management/Preview Content\"";
				DEVELOPMENT_TEAM = 57TCLD34EQ;
				ENABLE_PREVIEWS = YES;
				GENERATE_INFOPLIST_FILE = YES;
				INFOPLIST_KEY_UIApplicationSceneManifest_Generation = YES;
				INFOPLIST_KEY_UIApplicationSupportsIndirectInputEvents = YES;
				INFOPLIST_KEY_UILaunchScreen_Generation = YES;
				INFOPLIST_KEY_UISupportedInterfaceOrientations_iPad = "UIInterfaceOrientationPortrait UIInterfaceOrientationPortraitUpsideDown UIInterfaceOrientationLandscapeLeft UIInterfaceOrientationLandscapeRight";
				INFOPLIST_KEY_UISupportedInterfaceOrientations_iPhone = "UIInterfaceOrientationPortrait UIInterfaceOrientationLandscapeLeft UIInterfaceOrientationLandscapeRight";
				LD_RUNPATH_SEARCH_PATHS = (
					"$(inherited)",
					"@executable_path/Frameworks",
				);
				MARKETING_VERSION = 1.0;
				PRODUCT_BUNDLE_IDENTIFIER = "com.geissetaylor.Personal-Relationship-Management";
				PRODUCT_NAME = "$(TARGET_NAME)";
				SWIFT_EMIT_LOC_STRINGS = YES;
				SWIFT_VERSION = 5.0;
				TARGETED_DEVICE_FAMILY = "1,2";
			};
			name = Debug;
		};
		346BC6DA29C8C36000854BC9 /* Release */ = {
			isa = XCBuildConfiguration;
			buildSettings = {
				ASSETCATALOG_COMPILER_APPICON_NAME = AppIcon;
				ASSETCATALOG_COMPILER_GLOBAL_ACCENT_COLOR_NAME = AccentColor;
				CODE_SIGN_STYLE = Automatic;
				CURRENT_PROJECT_VERSION = 1;
				DEVELOPMENT_ASSET_PATHS = "\"Personal Relationship Management/Preview Content\"";
				DEVELOPMENT_TEAM = 57TCLD34EQ;
				ENABLE_PREVIEWS = YES;
				GENERATE_INFOPLIST_FILE = YES;
				INFOPLIST_KEY_UIApplicationSceneManifest_Generation = YES;
				INFOPLIST_KEY_UIApplicationSupportsIndirectInputEvents = YES;
				INFOPLIST_KEY_UILaunchScreen_Generation = YES;
				INFOPLIST_KEY_UISupportedInterfaceOrientations_iPad = "UIInterfaceOrientationPortrait UIInterfaceOrientationPortraitUpsideDown UIInterfaceOrientationLandscapeLeft UIInterfaceOrientationLandscapeRight";
				INFOPLIST_KEY_UISupportedInterfaceOrientations_iPhone = "UIInterfaceOrientationPortrait UIInterfaceOrientationLandscapeLeft UIInterfaceOrientationLandscapeRight";
				LD_RUNPATH_SEARCH_PATHS = (
					"$(inherited)",
					"@executable_path/Frameworks",
				);
				MARKETING_VERSION = 1.0;
				PRODUCT_BUNDLE_IDENTIFIER = "com.geissetaylor.Personal-Relationship-Management";
				PRODUCT_NAME = "$(TARGET_NAME)";
				SWIFT_EMIT_LOC_STRINGS = YES;
				SWIFT_VERSION = 5.0;
				TARGETED_DEVICE_FAMILY = "1,2";
			};
			name = Release;
		};
/* End XCBuildConfiguration section */

/* Begin XCConfigurationList section */
		346BC6C529C8C35F00854BC9 /* Build configuration list for PBXProject "Personal Relationship Management" */ = {
			isa = XCConfigurationList;
			buildConfigurations = (
				346BC6D629C8C36000854BC9 /* Debug */,
				346BC6D729C8C36000854BC9 /* Release */,
			);
			defaultConfigurationIsVisible = 0;
			defaultConfigurationName = Release;
		};
		346BC6D829C8C36000854BC9 /* Build configuration list for PBXNativeTarget "Personal Relationship Management" */ = {
			isa = XCConfigurationList;
			buildConfigurations = (
				346BC6D929C8C36000854BC9 /* Debug */,
				346BC6DA29C8C36000854BC9 /* Release */,
			);
			defaultConfigurationIsVisible = 0;
			defaultConfigurationName = Release;
		};
/* End XCConfigurationList section */

/* Begin XCRemoteSwiftPackageReference section */
		346BC6E329C8C38B00854BC9 /* XCRemoteSwiftPackageReference "realm-swift" */ = {
			isa = XCRemoteSwiftPackageReference;
			repositoryURL = "https://github.com/realm/realm-swift.git";
			requirement = {
				kind = upToNextMajorVersion;
				minimumVersion = 10.37.0;
			};
		};
/* End XCRemoteSwiftPackageReference section */

/* Begin XCSwiftPackageProductDependency section */
		346BC6E429C8C38B00854BC9 /* Realm */ = {
			isa = XCSwiftPackageProductDependency;
			package = 346BC6E329C8C38B00854BC9 /* XCRemoteSwiftPackageReference "realm-swift" */;
			productName = Realm;
		};
		346BC6E629C8C38B00854BC9 /* RealmSwift */ = {
			isa = XCSwiftPackageProductDependency;
			package = 346BC6E329C8C38B00854BC9 /* XCRemoteSwiftPackageReference "realm-swift" */;
			productName = RealmSwift;
		};
/* End XCSwiftPackageProductDependency section */
	};
	rootObject = 346BC6C229C8C35F00854BC9 /* Project object */;
}
